
Microsoft Visual Studio Solution File, Format Version 12.00
# Visual Studio Version 17
VisualStudioVersion = 17.8.34330.188
MinimumVisualStudioVersion = 10.0.40219.1
Project("{FAE04EC0-301F-11D3-BF4B-00C04F79EFBC}") = "BackEstoque", "BackEstoque\BackEstoque.csproj", "{ECD27474-CB71-41A0-9311-266ADCA17103}"
EndProject
Global
	GlobalSection(SolutionConfigurationPlatforms) = preSolution
		Debug|Any CPU = Debug|Any CPU
		Release|Any CPU = Release|Any CPU
	EndGlobalSection
	GlobalSection(ProjectConfigurationPlatforms) = postSolution
		{ECD27474-CB71-41A0-9311-266ADCA17103}.Debug|Any CPU.ActiveCfg = Debug|Any CPU
		{ECD27474-CB71-41A0-9311-266ADCA17103}.Debug|Any CPU.Build.0 = Debug|Any CPU
		{ECD27474-CB71-41A0-9311-266ADCA17103}.Release|Any CPU.ActiveCfg = Release|Any CPU
		{ECD27474-CB71-41A0-9311-266ADCA17103}.Release|Any CPU.Build.0 = Release|Any CPU
	EndGlobalSection
	GlobalSection(SolutionProperties) = preSolution
		HideSolutionNode = FALSE
	EndGlobalSection
	GlobalSection(ExtensibilityGlobals) = postSolution
		SolutionGuid = {48735E6C-6493-4779-8596-EB4C1584E72A}
	EndGlobalSection
EndGlobal
